
Microsoft Visual Studio Solution File, Format Version 12.00
# Visual Studio Version 17
VisualStudioVersion = 17.4.33213.308
MinimumVisualStudioVersion = 10.0.40219.1
Project("{FAE04EC0-301F-11D3-BF4B-00C04F79EFBC}") = "Aula_18", "Aula_18\Aula_18.csproj", "{8BDEED54-A41C-4FD3-8AF2-EAB72E6A1029}"
EndProject
Global
	GlobalSection(SolutionConfigurationPlatforms) = preSolution
		Debug|Any CPU = Debug|Any CPU
		Release|Any CPU = Release|Any CPU
	EndGlobalSection
	GlobalSection(ProjectConfigurationPlatforms) = postSolution
		{8BDEED54-A41C-4FD3-8AF2-EAB72E6A1029}.Debug|Any CPU.ActiveCfg = Debug|Any CPU
		{8BDEED54-A41C-4FD3-8AF2-EAB72E6A1029}.Debug|Any CPU.Build.0 = Debug|Any CPU
		{8BDEED54-A41C-4FD3-8AF2-EAB72E6A1029}.Release|Any CPU.ActiveCfg = Release|Any CPU
		{8BDEED54-A41C-4FD3-8AF2-EAB72E6A1029}.Release|Any CPU.Build.0 = Release|Any CPU
	EndGlobalSection
	GlobalSection(SolutionProperties) = preSolution
		HideSolutionNode = FALSE
	EndGlobalSection
	GlobalSection(ExtensibilityGlobals) = postSolution
		SolutionGuid = {CC611802-D1EF-42E8-944C-298C349869CE}
	EndGlobalSection
EndGlobal
