
Microsoft Visual Studio Solution File, Format Version 12.00
# Visual Studio Version 17
VisualStudioVersion = 17.4.33213.308
MinimumVisualStudioVersion = 10.0.40219.1
Project("{FAE04EC0-301F-11D3-BF4B-00C04F79EFBC}") = "Banco_Academia", "Banco_Academia\Banco_Academia.csproj", "{20B36B6D-1195-4BAB-8D87-1F45BC69ECDE}"
EndProject
Global
	GlobalSection(SolutionConfigurationPlatforms) = preSolution
		Debug|Any CPU = Debug|Any CPU
		Release|Any CPU = Release|Any CPU
	EndGlobalSection
	GlobalSection(ProjectConfigurationPlatforms) = postSolution
		{20B36B6D-1195-4BAB-8D87-1F45BC69ECDE}.Debug|Any CPU.ActiveCfg = Debug|Any CPU
		{20B36B6D-1195-4BAB-8D87-1F45BC69ECDE}.Debug|Any CPU.Build.0 = Debug|Any CPU
		{20B36B6D-1195-4BAB-8D87-1F45BC69ECDE}.Release|Any CPU.ActiveCfg = Release|Any CPU
		{20B36B6D-1195-4BAB-8D87-1F45BC69ECDE}.Release|Any CPU.Build.0 = Release|Any CPU
	EndGlobalSection
	GlobalSection(SolutionProperties) = preSolution
		HideSolutionNode = FALSE
	EndGlobalSection
	GlobalSection(ExtensibilityGlobals) = postSolution
		SolutionGuid = {BB8799F1-5DFD-48AF-A640-FE58B47A000E}
	EndGlobalSection
EndGlobal
