
Microsoft Visual Studio Solution File, Format Version 12.00
# Visual Studio Version 17
VisualStudioVersion = 17.4.33213.308
MinimumVisualStudioVersion = 10.0.40219.1
Project("{FAE04EC0-301F-11D3-BF4B-00C04F79EFBC}") = "Aula_28", "Aula_28\Aula_28.csproj", "{804253E2-9377-4B73-9060-15B2816E75A3}"
EndProject
Global
	GlobalSection(SolutionConfigurationPlatforms) = preSolution
		Debug|Any CPU = Debug|Any CPU
		Release|Any CPU = Release|Any CPU
	EndGlobalSection
	GlobalSection(ProjectConfigurationPlatforms) = postSolution
		{804253E2-9377-4B73-9060-15B2816E75A3}.Debug|Any CPU.ActiveCfg = Debug|Any CPU
		{804253E2-9377-4B73-9060-15B2816E75A3}.Debug|Any CPU.Build.0 = Debug|Any CPU
		{804253E2-9377-4B73-9060-15B2816E75A3}.Release|Any CPU.ActiveCfg = Release|Any CPU
		{804253E2-9377-4B73-9060-15B2816E75A3}.Release|Any CPU.Build.0 = Release|Any CPU
	EndGlobalSection
	GlobalSection(SolutionProperties) = preSolution
		HideSolutionNode = FALSE
	EndGlobalSection
	GlobalSection(ExtensibilityGlobals) = postSolution
		SolutionGuid = {E89C2480-F594-4C87-B4C9-226F07913783}
	EndGlobalSection
EndGlobal
