
Microsoft Visual Studio Solution File, Format Version 12.00
# Visual Studio Version 17
VisualStudioVersion = 17.4.33213.308
MinimumVisualStudioVersion = 10.0.40219.1
Project("{FAE04EC0-301F-11D3-BF4B-00C04F79EFBC}") = "Aula_99", "Aula_99\Aula_99.csproj", "{284FD5D9-B721-4AAB-8DE9-485425E56DB4}"
EndProject
Global
	GlobalSection(SolutionConfigurationPlatforms) = preSolution
		Debug|Any CPU = Debug|Any CPU
		Release|Any CPU = Release|Any CPU
	EndGlobalSection
	GlobalSection(ProjectConfigurationPlatforms) = postSolution
		{284FD5D9-B721-4AAB-8DE9-485425E56DB4}.Debug|Any CPU.ActiveCfg = Debug|Any CPU
		{284FD5D9-B721-4AAB-8DE9-485425E56DB4}.Debug|Any CPU.Build.0 = Debug|Any CPU
		{284FD5D9-B721-4AAB-8DE9-485425E56DB4}.Release|Any CPU.ActiveCfg = Release|Any CPU
		{284FD5D9-B721-4AAB-8DE9-485425E56DB4}.Release|Any CPU.Build.0 = Release|Any CPU
	EndGlobalSection
	GlobalSection(SolutionProperties) = preSolution
		HideSolutionNode = FALSE
	EndGlobalSection
	GlobalSection(ExtensibilityGlobals) = postSolution
		SolutionGuid = {F909C8F6-5544-434F-B159-05D6A7892136}
	EndGlobalSection
EndGlobal
