
Microsoft Visual Studio Solution File, Format Version 12.00
# Visual Studio Version 17
VisualStudioVersion = 17.4.33213.308
MinimumVisualStudioVersion = 10.0.40219.1
Project("{FAE04EC0-301F-11D3-BF4B-00C04F79EFBC}") = "Aula_50", "Aula_50\Aula_50.csproj", "{9867531A-AC43-44BE-8EC6-742D93925410}"
EndProject
Global
	GlobalSection(SolutionConfigurationPlatforms) = preSolution
		Debug|Any CPU = Debug|Any CPU
		Release|Any CPU = Release|Any CPU
	EndGlobalSection
	GlobalSection(ProjectConfigurationPlatforms) = postSolution
		{9867531A-AC43-44BE-8EC6-742D93925410}.Debug|Any CPU.ActiveCfg = Debug|Any CPU
		{9867531A-AC43-44BE-8EC6-742D93925410}.Debug|Any CPU.Build.0 = Debug|Any CPU
		{9867531A-AC43-44BE-8EC6-742D93925410}.Release|Any CPU.ActiveCfg = Release|Any CPU
		{9867531A-AC43-44BE-8EC6-742D93925410}.Release|Any CPU.Build.0 = Release|Any CPU
	EndGlobalSection
	GlobalSection(SolutionProperties) = preSolution
		HideSolutionNode = FALSE
	EndGlobalSection
	GlobalSection(ExtensibilityGlobals) = postSolution
		SolutionGuid = {ACA5ADDD-0665-4E7A-BBD3-274BFC1D3F2D}
	EndGlobalSection
EndGlobal
