
Microsoft Visual Studio Solution File, Format Version 12.00
# Visual Studio Version 17
VisualStudioVersion = 17.4.33213.308
MinimumVisualStudioVersion = 10.0.40219.1
Project("{FAE04EC0-301F-11D3-BF4B-00C04F79EFBC}") = "Aula_33", "Aula_33\Aula_33.csproj", "{A2034782-EA5F-4E03-8D31-D58900DF46EC}"
EndProject
Global
	GlobalSection(SolutionConfigurationPlatforms) = preSolution
		Debug|Any CPU = Debug|Any CPU
		Release|Any CPU = Release|Any CPU
	EndGlobalSection
	GlobalSection(ProjectConfigurationPlatforms) = postSolution
		{A2034782-EA5F-4E03-8D31-D58900DF46EC}.Debug|Any CPU.ActiveCfg = Debug|Any CPU
		{A2034782-EA5F-4E03-8D31-D58900DF46EC}.Debug|Any CPU.Build.0 = Debug|Any CPU
		{A2034782-EA5F-4E03-8D31-D58900DF46EC}.Release|Any CPU.ActiveCfg = Release|Any CPU
		{A2034782-EA5F-4E03-8D31-D58900DF46EC}.Release|Any CPU.Build.0 = Release|Any CPU
	EndGlobalSection
	GlobalSection(SolutionProperties) = preSolution
		HideSolutionNode = FALSE
	EndGlobalSection
	GlobalSection(ExtensibilityGlobals) = postSolution
		SolutionGuid = {DB66C76F-481D-4E7F-B0B9-CFAF60D17C5A}
	EndGlobalSection
EndGlobal
