
Microsoft Visual Studio Solution File, Format Version 12.00
# Visual Studio Version 17
VisualStudioVersion = 17.4.33213.308
MinimumVisualStudioVersion = 10.0.40219.1
Project("{FAE04EC0-301F-11D3-BF4B-00C04F79EFBC}") = "Aula_66", "Aula_66\Aula_66.csproj", "{107567C7-0C29-49F1-8D52-AE43A2C129A8}"
EndProject
Global
	GlobalSection(SolutionConfigurationPlatforms) = preSolution
		Debug|Any CPU = Debug|Any CPU
		Release|Any CPU = Release|Any CPU
	EndGlobalSection
	GlobalSection(ProjectConfigurationPlatforms) = postSolution
		{107567C7-0C29-49F1-8D52-AE43A2C129A8}.Debug|Any CPU.ActiveCfg = Debug|Any CPU
		{107567C7-0C29-49F1-8D52-AE43A2C129A8}.Debug|Any CPU.Build.0 = Debug|Any CPU
		{107567C7-0C29-49F1-8D52-AE43A2C129A8}.Release|Any CPU.ActiveCfg = Release|Any CPU
		{107567C7-0C29-49F1-8D52-AE43A2C129A8}.Release|Any CPU.Build.0 = Release|Any CPU
	EndGlobalSection
	GlobalSection(SolutionProperties) = preSolution
		HideSolutionNode = FALSE
	EndGlobalSection
	GlobalSection(ExtensibilityGlobals) = postSolution
		SolutionGuid = {98BD2694-F3F2-41DD-8337-D14025BEA934}
	EndGlobalSection
EndGlobal
