
Microsoft Visual Studio Solution File, Format Version 12.00
# Visual Studio Version 17
VisualStudioVersion = 17.4.33213.308
MinimumVisualStudioVersion = 10.0.40219.1
Project("{FAE04EC0-301F-11D3-BF4B-00C04F79EFBC}") = "Aula_64", "Aula_64\Aula_64.csproj", "{8B876710-906E-4B8C-8549-74C548EB980C}"
EndProject
Global
	GlobalSection(SolutionConfigurationPlatforms) = preSolution
		Debug|Any CPU = Debug|Any CPU
		Release|Any CPU = Release|Any CPU
	EndGlobalSection
	GlobalSection(ProjectConfigurationPlatforms) = postSolution
		{8B876710-906E-4B8C-8549-74C548EB980C}.Debug|Any CPU.ActiveCfg = Debug|Any CPU
		{8B876710-906E-4B8C-8549-74C548EB980C}.Debug|Any CPU.Build.0 = Debug|Any CPU
		{8B876710-906E-4B8C-8549-74C548EB980C}.Release|Any CPU.ActiveCfg = Release|Any CPU
		{8B876710-906E-4B8C-8549-74C548EB980C}.Release|Any CPU.Build.0 = Release|Any CPU
	EndGlobalSection
	GlobalSection(SolutionProperties) = preSolution
		HideSolutionNode = FALSE
	EndGlobalSection
	GlobalSection(ExtensibilityGlobals) = postSolution
		SolutionGuid = {A71956CD-4D66-4F72-961F-1CD9673CCBCB}
	EndGlobalSection
EndGlobal
