
Microsoft Visual Studio Solution File, Format Version 12.00
# Visual Studio Version 17
VisualStudioVersion = 17.4.33213.308
MinimumVisualStudioVersion = 10.0.40219.1
Project("{FAE04EC0-301F-11D3-BF4B-00C04F79EFBC}") = "Aula_38", "Aula_38\Aula_38.csproj", "{6A3E8547-C3E5-4CC9-AC6B-A52F540A59D6}"
EndProject
Global
	GlobalSection(SolutionConfigurationPlatforms) = preSolution
		Debug|Any CPU = Debug|Any CPU
		Release|Any CPU = Release|Any CPU
	EndGlobalSection
	GlobalSection(ProjectConfigurationPlatforms) = postSolution
		{6A3E8547-C3E5-4CC9-AC6B-A52F540A59D6}.Debug|Any CPU.ActiveCfg = Debug|Any CPU
		{6A3E8547-C3E5-4CC9-AC6B-A52F540A59D6}.Debug|Any CPU.Build.0 = Debug|Any CPU
		{6A3E8547-C3E5-4CC9-AC6B-A52F540A59D6}.Release|Any CPU.ActiveCfg = Release|Any CPU
		{6A3E8547-C3E5-4CC9-AC6B-A52F540A59D6}.Release|Any CPU.Build.0 = Release|Any CPU
	EndGlobalSection
	GlobalSection(SolutionProperties) = preSolution
		HideSolutionNode = FALSE
	EndGlobalSection
	GlobalSection(ExtensibilityGlobals) = postSolution
		SolutionGuid = {D4802C2B-638F-45BA-A5D0-C50A227CDA3D}
	EndGlobalSection
EndGlobal
