
Microsoft Visual Studio Solution File, Format Version 12.00
# Visual Studio Version 17
VisualStudioVersion = 17.4.33213.308
MinimumVisualStudioVersion = 10.0.40219.1
Project("{FAE04EC0-301F-11D3-BF4B-00C04F79EFBC}") = "Aula_23", "Aula_23\Aula_23.csproj", "{3E17ED1C-193F-4137-8B62-C04D41BE8A05}"
EndProject
Global
	GlobalSection(SolutionConfigurationPlatforms) = preSolution
		Debug|Any CPU = Debug|Any CPU
		Release|Any CPU = Release|Any CPU
	EndGlobalSection
	GlobalSection(ProjectConfigurationPlatforms) = postSolution
		{3E17ED1C-193F-4137-8B62-C04D41BE8A05}.Debug|Any CPU.ActiveCfg = Debug|Any CPU
		{3E17ED1C-193F-4137-8B62-C04D41BE8A05}.Debug|Any CPU.Build.0 = Debug|Any CPU
		{3E17ED1C-193F-4137-8B62-C04D41BE8A05}.Release|Any CPU.ActiveCfg = Release|Any CPU
		{3E17ED1C-193F-4137-8B62-C04D41BE8A05}.Release|Any CPU.Build.0 = Release|Any CPU
	EndGlobalSection
	GlobalSection(SolutionProperties) = preSolution
		HideSolutionNode = FALSE
	EndGlobalSection
	GlobalSection(ExtensibilityGlobals) = postSolution
		SolutionGuid = {656E6069-085D-4195-B853-4611E7101D6B}
	EndGlobalSection
EndGlobal
