
Microsoft Visual Studio Solution File, Format Version 12.00
# Visual Studio Version 17
VisualStudioVersion = 17.4.33213.308
MinimumVisualStudioVersion = 10.0.40219.1
Project("{FAE04EC0-301F-11D3-BF4B-00C04F79EFBC}") = "Aula_48", "Aula_48\Aula_48.csproj", "{F4CEB158-14F3-4FFD-8146-FD1E78CF2D6B}"
EndProject
Global
	GlobalSection(SolutionConfigurationPlatforms) = preSolution
		Debug|Any CPU = Debug|Any CPU
		Release|Any CPU = Release|Any CPU
	EndGlobalSection
	GlobalSection(ProjectConfigurationPlatforms) = postSolution
		{F4CEB158-14F3-4FFD-8146-FD1E78CF2D6B}.Debug|Any CPU.ActiveCfg = Debug|Any CPU
		{F4CEB158-14F3-4FFD-8146-FD1E78CF2D6B}.Debug|Any CPU.Build.0 = Debug|Any CPU
		{F4CEB158-14F3-4FFD-8146-FD1E78CF2D6B}.Release|Any CPU.ActiveCfg = Release|Any CPU
		{F4CEB158-14F3-4FFD-8146-FD1E78CF2D6B}.Release|Any CPU.Build.0 = Release|Any CPU
	EndGlobalSection
	GlobalSection(SolutionProperties) = preSolution
		HideSolutionNode = FALSE
	EndGlobalSection
	GlobalSection(ExtensibilityGlobals) = postSolution
		SolutionGuid = {78F7B9F0-958B-4F5E-A5A5-0B8059E537B0}
	EndGlobalSection
EndGlobal
