
Microsoft Visual Studio Solution File, Format Version 12.00
# Visual Studio Version 17
VisualStudioVersion = 17.4.33213.308
MinimumVisualStudioVersion = 10.0.40219.1
Project("{FAE04EC0-301F-11D3-BF4B-00C04F79EFBC}") = "Aula_41", "Aula_41\Aula_41.csproj", "{EC11A5E0-7D2B-4AB7-9377-176B4A92519C}"
EndProject
Global
	GlobalSection(SolutionConfigurationPlatforms) = preSolution
		Debug|Any CPU = Debug|Any CPU
		Release|Any CPU = Release|Any CPU
	EndGlobalSection
	GlobalSection(ProjectConfigurationPlatforms) = postSolution
		{EC11A5E0-7D2B-4AB7-9377-176B4A92519C}.Debug|Any CPU.ActiveCfg = Debug|Any CPU
		{EC11A5E0-7D2B-4AB7-9377-176B4A92519C}.Debug|Any CPU.Build.0 = Debug|Any CPU
		{EC11A5E0-7D2B-4AB7-9377-176B4A92519C}.Release|Any CPU.ActiveCfg = Release|Any CPU
		{EC11A5E0-7D2B-4AB7-9377-176B4A92519C}.Release|Any CPU.Build.0 = Release|Any CPU
	EndGlobalSection
	GlobalSection(SolutionProperties) = preSolution
		HideSolutionNode = FALSE
	EndGlobalSection
	GlobalSection(ExtensibilityGlobals) = postSolution
		SolutionGuid = {37ECDD9C-F64D-4F7F-BB1D-F55341BB40F9}
	EndGlobalSection
EndGlobal
