
Microsoft Visual Studio Solution File, Format Version 12.00
# Visual Studio Version 17
VisualStudioVersion = 17.4.33213.308
MinimumVisualStudioVersion = 10.0.40219.1
Project("{FAE04EC0-301F-11D3-BF4B-00C04F79EFBC}") = "Aula_83_Editor_De_Texto", "Aula_83_Editor_De_Texto\Aula_83_Editor_De_Texto.csproj", "{7D02CED8-36EE-42B4-9E70-9D7DF81590B9}"
EndProject
Global
	GlobalSection(SolutionConfigurationPlatforms) = preSolution
		Debug|Any CPU = Debug|Any CPU
		Release|Any CPU = Release|Any CPU
	EndGlobalSection
	GlobalSection(ProjectConfigurationPlatforms) = postSolution
		{7D02CED8-36EE-42B4-9E70-9D7DF81590B9}.Debug|Any CPU.ActiveCfg = Debug|Any CPU
		{7D02CED8-36EE-42B4-9E70-9D7DF81590B9}.Debug|Any CPU.Build.0 = Debug|Any CPU
		{7D02CED8-36EE-42B4-9E70-9D7DF81590B9}.Release|Any CPU.ActiveCfg = Release|Any CPU
		{7D02CED8-36EE-42B4-9E70-9D7DF81590B9}.Release|Any CPU.Build.0 = Release|Any CPU
	EndGlobalSection
	GlobalSection(SolutionProperties) = preSolution
		HideSolutionNode = FALSE
	EndGlobalSection
	GlobalSection(ExtensibilityGlobals) = postSolution
		SolutionGuid = {BC97A14F-8C69-43EE-8E0C-79F538C11ADE}
	EndGlobalSection
EndGlobal
