
Microsoft Visual Studio Solution File, Format Version 12.00
# Visual Studio Version 17
VisualStudioVersion = 17.4.33213.308
MinimumVisualStudioVersion = 10.0.40219.1
Project("{FAE04EC0-301F-11D3-BF4B-00C04F79EFBC}") = "Aula_07", "Aula_07\Aula_07.csproj", "{235CAF80-CAB0-4E9A-9174-4780F741A8DD}"
EndProject
Global
	GlobalSection(SolutionConfigurationPlatforms) = preSolution
		Debug|Any CPU = Debug|Any CPU
		Release|Any CPU = Release|Any CPU
	EndGlobalSection
	GlobalSection(ProjectConfigurationPlatforms) = postSolution
		{235CAF80-CAB0-4E9A-9174-4780F741A8DD}.Debug|Any CPU.ActiveCfg = Debug|Any CPU
		{235CAF80-CAB0-4E9A-9174-4780F741A8DD}.Debug|Any CPU.Build.0 = Debug|Any CPU
		{235CAF80-CAB0-4E9A-9174-4780F741A8DD}.Release|Any CPU.ActiveCfg = Release|Any CPU
		{235CAF80-CAB0-4E9A-9174-4780F741A8DD}.Release|Any CPU.Build.0 = Release|Any CPU
	EndGlobalSection
	GlobalSection(SolutionProperties) = preSolution
		HideSolutionNode = FALSE
	EndGlobalSection
	GlobalSection(ExtensibilityGlobals) = postSolution
		SolutionGuid = {34603D16-D758-49F3-8453-36C1BFC9882C}
	EndGlobalSection
EndGlobal
