
Microsoft Visual Studio Solution File, Format Version 12.00
# Visual Studio Version 17
VisualStudioVersion = 17.4.33213.308
MinimumVisualStudioVersion = 10.0.40219.1
Project("{FAE04EC0-301F-11D3-BF4B-00C04F79EFBC}") = "Aula_17_arrays", "Aula_17_arrays\Aula_17_arrays.csproj", "{5BB93F9C-04F9-4569-95A1-D67A50066BCC}"
EndProject
Global
	GlobalSection(SolutionConfigurationPlatforms) = preSolution
		Debug|Any CPU = Debug|Any CPU
		Release|Any CPU = Release|Any CPU
	EndGlobalSection
	GlobalSection(ProjectConfigurationPlatforms) = postSolution
		{5BB93F9C-04F9-4569-95A1-D67A50066BCC}.Debug|Any CPU.ActiveCfg = Debug|Any CPU
		{5BB93F9C-04F9-4569-95A1-D67A50066BCC}.Debug|Any CPU.Build.0 = Debug|Any CPU
		{5BB93F9C-04F9-4569-95A1-D67A50066BCC}.Release|Any CPU.ActiveCfg = Release|Any CPU
		{5BB93F9C-04F9-4569-95A1-D67A50066BCC}.Release|Any CPU.Build.0 = Release|Any CPU
	EndGlobalSection
	GlobalSection(SolutionProperties) = preSolution
		HideSolutionNode = FALSE
	EndGlobalSection
	GlobalSection(ExtensibilityGlobals) = postSolution
		SolutionGuid = {463F6A04-CED8-4B49-B128-015CEE385F26}
	EndGlobalSection
EndGlobal
