
Microsoft Visual Studio Solution File, Format Version 12.00
# Visual Studio Version 17
VisualStudioVersion = 17.4.33213.308
MinimumVisualStudioVersion = 10.0.40219.1
Project("{FAE04EC0-301F-11D3-BF4B-00C04F79EFBC}") = "Aula_24", "Aula_24\Aula_24.csproj", "{26F677E0-45BA-4154-A50B-9669AC0819F3}"
EndProject
Global
	GlobalSection(SolutionConfigurationPlatforms) = preSolution
		Debug|Any CPU = Debug|Any CPU
		Release|Any CPU = Release|Any CPU
	EndGlobalSection
	GlobalSection(ProjectConfigurationPlatforms) = postSolution
		{26F677E0-45BA-4154-A50B-9669AC0819F3}.Debug|Any CPU.ActiveCfg = Debug|Any CPU
		{26F677E0-45BA-4154-A50B-9669AC0819F3}.Debug|Any CPU.Build.0 = Debug|Any CPU
		{26F677E0-45BA-4154-A50B-9669AC0819F3}.Release|Any CPU.ActiveCfg = Release|Any CPU
		{26F677E0-45BA-4154-A50B-9669AC0819F3}.Release|Any CPU.Build.0 = Release|Any CPU
	EndGlobalSection
	GlobalSection(SolutionProperties) = preSolution
		HideSolutionNode = FALSE
	EndGlobalSection
	GlobalSection(ExtensibilityGlobals) = postSolution
		SolutionGuid = {88CFDCC3-EC8C-42DF-A056-64DCD54A036D}
	EndGlobalSection
EndGlobal
